Microsoft Visual Studio Solution File, Format Version 11.00
# Visual Studio 2008

Project("{970F7B8D-9BC5-71A7-73BE-9F110E3B9B11}") = "MVGD-Game-01", "Assembly-CSharp.csproj", "{7B045C67-6C64-AD71-82F9-3FE2402DDB2B}"
EndProject
Project("{970F7B8D-9BC5-71A7-73BE-9F110E3B9B11}") = "MVGD-Game-01", "Assembly-CSharp-Editor-firstpass.csproj", "{922681DD-F72F-BA81-E624-FEBB844F4DD4}"
EndProject
Global
	GlobalSection(SolutionConfigurationPlatforms) = preSolution
		Debug|Any CPU = Debug|Any CPU
		Release|Any CPU = Release|Any CPU
	EndGlobalSection
	GlobalSection(ProjectConfigurationPlatforms) = postSolution
		{7B045C67-6C64-AD71-82F9-3FE2402DDB2B}.Debug|Any CPU.ActiveCfg = Debug|Any CPU
		{7B045C67-6C64-AD71-82F9-3FE2402DDB2B}.Debug|Any CPU.Build.0 = Debug|Any CPU
		{7B045C67-6C64-AD71-82F9-3FE2402DDB2B}.Release|Any CPU.ActiveCfg = Release|Any CPU
		{7B045C67-6C64-AD71-82F9-3FE2402DDB2B}.Release|Any CPU.Build.0 = Release|Any CPU
		{922681DD-F72F-BA81-E624-FEBB844F4DD4}.Debug|Any CPU.ActiveCfg = Debug|Any CPU
		{922681DD-F72F-BA81-E624-FEBB844F4DD4}.Debug|Any CPU.Build.0 = Debug|Any CPU
		{922681DD-F72F-BA81-E624-FEBB844F4DD4}.Release|Any CPU.ActiveCfg = Release|Any CPU
		{922681DD-F72F-BA81-E624-FEBB844F4DD4}.Release|Any CPU.Build.0 = Release|Any CPU
	EndGlobalSection
	GlobalSection(SolutionProperties) = preSolution
		HideSolutionNode = FALSE
	EndGlobalSection
	GlobalSection(MonoDevelopProperties) = preSolution
		StartupItem = Assembly-CSharp.csproj
	EndGlobalSection
EndGlobal
