
Microsoft Visual Studio Solution File, Format Version 12.00
# Visual Studio 2015
Project("{FAE04EC0-301F-11D3-BF4B-00C04F79EFBC}") = "MVHS-Game-01.CSharp", "MVHS-Game-01.CSharp.csproj", "{899B7361-F4C9-5337-8B7D-BBE37FBC816D}"
EndProject
Project("{FAE04EC0-301F-11D3-BF4B-00C04F79EFBC}") = "MVHS-Game-01.CSharp.Editor.Plugins", "MVHS-Game-01.CSharp.Editor.Plugins.csproj", "{93460F96-EE8C-75D7-B7FF-2D57BEB0B143}"
EndProject
Global
	GlobalSection(SolutionConfigurationPlatforms) = preSolution
		Debug|Any CPU = Debug|Any CPU
		Release|Any CPU = Release|Any CPU
	EndGlobalSection
	GlobalSection(ProjectConfigurationPlatforms) = postSolution
		{899B7361-F4C9-5337-8B7D-BBE37FBC816D}.Debug|Any CPU.ActiveCfg = Debug|Any CPU
		{899B7361-F4C9-5337-8B7D-BBE37FBC816D}.Debug|Any CPU.Build.0 = Debug|Any CPU
		{899B7361-F4C9-5337-8B7D-BBE37FBC816D}.Release|Any CPU.ActiveCfg = Release|Any CPU
		{899B7361-F4C9-5337-8B7D-BBE37FBC816D}.Release|Any CPU.Build.0 = Release|Any CPU
		{93460F96-EE8C-75D7-B7FF-2D57BEB0B143}.Debug|Any CPU.ActiveCfg = Debug|Any CPU
		{93460F96-EE8C-75D7-B7FF-2D57BEB0B143}.Debug|Any CPU.Build.0 = Debug|Any CPU
		{93460F96-EE8C-75D7-B7FF-2D57BEB0B143}.Release|Any CPU.ActiveCfg = Release|Any CPU
		{93460F96-EE8C-75D7-B7FF-2D57BEB0B143}.Release|Any CPU.Build.0 = Release|Any CPU
	EndGlobalSection
	GlobalSection(SolutionProperties) = preSolution
		HideSolutionNode = FALSE
	EndGlobalSection
EndGlobal
