
Microsoft Visual Studio Solution File, Format Version 12.00
# Visual Studio 2015
Project("{FAE04EC0-301F-11D3-BF4B-00C04F79EFBC}") = "MVGD-Game-01.CSharp", "MVGD-Game-01.CSharp.csproj", "{3397A77D-2569-719A-A9B2-4B83B3BA0CF3}"
EndProject
Project("{FAE04EC0-301F-11D3-BF4B-00C04F79EFBC}") = "MVGD-Game-01.CSharp.Editor.Plugins", "MVGD-Game-01.CSharp.Editor.Plugins.csproj", "{34C500F8-80FD-03AC-CB5E-4D549F4788D7}"
EndProject
Global
	GlobalSection(SolutionConfigurationPlatforms) = preSolution
		Debug|Any CPU = Debug|Any CPU
		Release|Any CPU = Release|Any CPU
	EndGlobalSection
	GlobalSection(ProjectConfigurationPlatforms) = postSolution
		{3397A77D-2569-719A-A9B2-4B83B3BA0CF3}.Debug|Any CPU.ActiveCfg = Debug|Any CPU
		{3397A77D-2569-719A-A9B2-4B83B3BA0CF3}.Debug|Any CPU.Build.0 = Debug|Any CPU
		{3397A77D-2569-719A-A9B2-4B83B3BA0CF3}.Release|Any CPU.ActiveCfg = Release|Any CPU
		{3397A77D-2569-719A-A9B2-4B83B3BA0CF3}.Release|Any CPU.Build.0 = Release|Any CPU
		{34C500F8-80FD-03AC-CB5E-4D549F4788D7}.Debug|Any CPU.ActiveCfg = Debug|Any CPU
		{34C500F8-80FD-03AC-CB5E-4D549F4788D7}.Debug|Any CPU.Build.0 = Debug|Any CPU
		{34C500F8-80FD-03AC-CB5E-4D549F4788D7}.Release|Any CPU.ActiveCfg = Release|Any CPU
		{34C500F8-80FD-03AC-CB5E-4D549F4788D7}.Release|Any CPU.Build.0 = Release|Any CPU
	EndGlobalSection
	GlobalSection(SolutionProperties) = preSolution
		HideSolutionNode = FALSE
	EndGlobalSection
EndGlobal
